// !$*UTF8*$!
{
	archiveVersion = 1;
	classes = {
	};
	objectVersion = 56;
	objects = {

/* Begin PBXBuildFile section */
		E10623722911860100779500 /* TextField+Extension.swift in Sources */ = {isa = PBXBuildFile; fileRef = E10623712911860100779500 /* TextField+Extension.swift */; };
		E10623802912E0E100779500 /* UIViewController+Alert.swift in Sources */ = {isa = PBXBuildFile; fileRef = E106237F2912E0E100779500 /* UIViewController+Alert.swift */; };
		E10623842912E4F400779500 /* User.swift in Sources */ = {isa = PBXBuildFile; fileRef = E10623832912E4F400779500 /* User.swift */; };
		E10623862912E4FF00779500 /* Group.swift in Sources */ = {isa = PBXBuildFile; fileRef = E10623852912E4FF00779500 /* Group.swift */; };
		E10623882912E69600779500 /* FriendTableViewCell.swift in Sources */ = {isa = PBXBuildFile; fileRef = E10623872912E69600779500 /* FriendTableViewCell.swift */; };
		E106238A2912E8C300779500 /* FriendsTableViewController.swift in Sources */ = {isa = PBXBuildFile; fileRef = E10623892912E8C300779500 /* FriendsTableViewController.swift */; };
		E106238C2912E94600779500 /* FriendPhotoCollectionViewController.swift in Sources */ = {isa = PBXBuildFile; fileRef = E106238B2912E94600779500 /* FriendPhotoCollectionViewController.swift */; };
		E106238E2912E9A100779500 /* UserGroupsTableViewController.swift in Sources */ = {isa = PBXBuildFile; fileRef = E106238D2912E9A100779500 /* UserGroupsTableViewController.swift */; };
		E10623902912E9EF00779500 /* OutAllGroupsTableViewController.swift in Sources */ = {isa = PBXBuildFile; fileRef = E106238F2912E9EF00779500 /* OutAllGroupsTableViewController.swift */; };
		E10623922912EA2800779500 /* GroupTableViewCell.swift in Sources */ = {isa = PBXBuildFile; fileRef = E10623912912EA2800779500 /* GroupTableViewCell.swift */; };
		E10623942912EA4000779500 /* PhotoCollectionViewCell.swift in Sources */ = {isa = PBXBuildFile; fileRef = E10623932912EA4000779500 /* PhotoCollectionViewCell.swift */; };
		E10623962912EA7200779500 /* OutGroupsTableViewCell.swift in Sources */ = {isa = PBXBuildFile; fileRef = E10623952912EA7200779500 /* OutGroupsTableViewCell.swift */; };
		E10AF80E291012C80077251D /* AppDelegate.swift in Sources */ = {isa = PBXBuildFile; fileRef = E10AF80D291012C80077251D /* AppDelegate.swift */; };
		E10AF810291012C80077251D /* SceneDelegate.swift in Sources */ = {isa = PBXBuildFile; fileRef = E10AF80F291012C80077251D /* SceneDelegate.swift */; };
		E10AF812291012C80077251D /* AuthorizationViewController.swift in Sources */ = {isa = PBXBuildFile; fileRef = E10AF811291012C80077251D /* AuthorizationViewController.swift */; };
		E10AF815291012C80077251D /* Main.storyboard in Resources */ = {isa = PBXBuildFile; fileRef = E10AF813291012C80077251D /* Main.storyboard */; };
		E10AF817291012CC0077251D /* Assets.xcassets in Resources */ = {isa = PBXBuildFile; fileRef = E10AF816291012CC0077251D /* Assets.xcassets */; };
		E10AF81A291012CC0077251D /* LaunchScreen.storyboard in Resources */ = {isa = PBXBuildFile; fileRef = E10AF818291012CC0077251D /* LaunchScreen.storyboard */; };
		E111E1C2291D10900083597B /* InteractiveTransition.swift in Sources */ = {isa = PBXBuildFile; fileRef = E111E1C1291D10900083597B /* InteractiveTransition.swift */; };
		E111E1C6291D666D0083597B /* CustomNavigationController.swift in Sources */ = {isa = PBXBuildFile; fileRef = E111E1C5291D666D0083597B /* CustomNavigationController.swift */; };
		E13C66C429197DF800F67059 /* FriendsSectionTableViewHeader.swift in Sources */ = {isa = PBXBuildFile; fileRef = E13C66C329197DF800F67059 /* FriendsSectionTableViewHeader.swift */; };
		E13C66C629197E2C00F67059 /* FriendsSectionTableViewHeader.xib in Resources */ = {isa = PBXBuildFile; fileRef = E13C66C529197E2C00F67059 /* FriendsSectionTableViewHeader.xib */; };
		E1493151292BDCFD0043F052 /* Session.swift in Sources */ = {isa = PBXBuildFile; fileRef = E1493150292BDCFD0043F052 /* Session.swift */; };
		E17989E32940127000D1E5D2 /* Item.swift in Sources */ = {isa = PBXBuildFile; fileRef = E17989E22940127000D1E5D2 /* Item.swift */; };
		E17989E52940129800D1E5D2 /* Likes.swift in Sources */ = {isa = PBXBuildFile; fileRef = E17989E42940129800D1E5D2 /* Likes.swift */; };
		E17989E7294012C200D1E5D2 /* Views.swift in Sources */ = {isa = PBXBuildFile; fileRef = E17989E6294012C200D1E5D2 /* Views.swift */; };
		E17989E92940132000D1E5D2 /* Comments.swift in Sources */ = {isa = PBXBuildFile; fileRef = E17989E82940132000D1E5D2 /* Comments.swift */; };
		E17989EB2940152800D1E5D2 /* Reposts.swift in Sources */ = {isa = PBXBuildFile; fileRef = E17989EA2940152800D1E5D2 /* Reposts.swift */; };
		E17989ED29401F4C00D1E5D2 /* Attachments.swift in Sources */ = {isa = PBXBuildFile; fileRef = E17989EC29401F4C00D1E5D2 /* Attachments.swift */; };
		E17B83492919A1C2000918AB /* GradientView.swift in Sources */ = {isa = PBXBuildFile; fileRef = E17B83482919A1C2000918AB /* GradientView.swift */; };
		E17B834B2919BD0F000918AB /* NewsViewController.swift in Sources */ = {isa = PBXBuildFile; fileRef = E17B834A2919BD0F000918AB /* NewsViewController.swift */; };
		E17B834F2919D1B5000918AB /* Photo.swift in Sources */ = {isa = PBXBuildFile; fileRef = E17B834E2919D1B5000918AB /* Photo.swift */; };
		E17B83512919DAA3000918AB /* PostLikesControl.swift in Sources */ = {isa = PBXBuildFile; fileRef = E17B83502919DAA3000918AB /* PostLikesControl.swift */; };
		E17B8353291A39E4000918AB /* ColorAssets.xcassets in Resources */ = {isa = PBXBuildFile; fileRef = E17B8352291A39E4000918AB /* ColorAssets.xcassets */; };
		E1876395291E1E2B00DC171D /* PushAnimator.swift in Sources */ = {isa = PBXBuildFile; fileRef = E1876394291E1E2B00DC171D /* PushAnimator.swift */; };
		E1876397291E1EAD00DC171D /* PopAnimator.swift in Sources */ = {isa = PBXBuildFile; fileRef = E1876396291E1EAD00DC171D /* PopAnimator.swift */; };
		E1B436BC2930DB67001A96A6 /* Friend.swift in Sources */ = {isa = PBXBuildFile; fileRef = E1B436BB2930DB67001A96A6 /* Friend.swift */; };
		E1B436C12930DC5A001A96A6 /* Photos.swift in Sources */ = {isa = PBXBuildFile; fileRef = E1B436C02930DC5A001A96A6 /* Photos.swift */; };
		E1B436C32930DCE9001A96A6 /* FriendPhoto.swift in Sources */ = {isa = PBXBuildFile; fileRef = E1B436C22930DCE9001A96A6 /* FriendPhoto.swift */; };
		E1B436C52930DEF5001A96A6 /* GroupDetail.swift in Sources */ = {isa = PBXBuildFile; fileRef = E1B436C42930DEF5001A96A6 /* GroupDetail.swift */; };
		E1B436C72930DF33001A96A6 /* FriendDetail.swift in Sources */ = {isa = PBXBuildFile; fileRef = E1B436C62930DF33001A96A6 /* FriendDetail.swift */; };
		E1B436C92930DF70001A96A6 /* GroupInfo.swift in Sources */ = {isa = PBXBuildFile; fileRef = E1B436C82930DF70001A96A6 /* GroupInfo.swift */; };
		E1B436CB2930E138001A96A6 /* FriendInfo.swift in Sources */ = {isa = PBXBuildFile; fileRef = E1B436CA2930E138001A96A6 /* FriendInfo.swift */; };
		E1B447CA292D46BC00310613 /* NetworkService.swift in Sources */ = {isa = PBXBuildFile; fileRef = E1B447C9292D46BC00310613 /* NetworkService.swift */; };
		E1B447CC292D46CD00310613 /* RequestComponents.swift in Sources */ = {isa = PBXBuildFile; fileRef = E1B447CB292D46CD00310613 /* RequestComponents.swift */; };
		E1B447CE292E53F400310613 /* Pods_VK.framework in Frameworks */ = {isa = PBXBuildFile; fileRef = FFA8EE7D95DF4E12CF857163 /* Pods_VK.framework */; };
		E1B447D1292F3B6500310613 /* ImageView+Extention.swift in Sources */ = {isa = PBXBuildFile; fileRef = E1B447D0292F3B6500310613 /* ImageView+Extention.swift */; };
		E1B7E0B5291C4B32002BFC1F /* FriendPhotosViewController.swift in Sources */ = {isa = PBXBuildFile; fileRef = E1B7E0B4291C4B32002BFC1F /* FriendPhotosViewController.swift */; };
		E1BFB8C429351CB1002E223B /* RealmService.swift in Sources */ = {isa = PBXBuildFile; fileRef = E1BFB8C329351CB1002E223B /* RealmService.swift */; };
		E1E1DAFA293E405600022571 /* News.swift in Sources */ = {isa = PBXBuildFile; fileRef = E1E1DAF9293E405600022571 /* News.swift */; };
		E1E1DAFD293E5FBA00022571 /* NewsHeaderViewCell.swift in Sources */ = {isa = PBXBuildFile; fileRef = E1E1DAFC293E5FBA00022571 /* NewsHeaderViewCell.swift */; };
		E1E1DAFF293E5FD800022571 /* NewsImageViewCell.swift in Sources */ = {isa = PBXBuildFile; fileRef = E1E1DAFE293E5FD800022571 /* NewsImageViewCell.swift */; };
		E1E1DB01293E5FF000022571 /* NewsFooterViewCell.swift in Sources */ = {isa = PBXBuildFile; fileRef = E1E1DB00293E5FF000022571 /* NewsFooterViewCell.swift */; };
		E1E1DB03293E68C300022571 /* NewsPostViewCell.swift in Sources */ = {isa = PBXBuildFile; fileRef = E1E1DB02293E68C300022571 /* NewsPostViewCell.swift */; };
		E1E1DB08293E7AEE00022571 /* NewsConfigurable.swift in Sources */ = {isa = PBXBuildFile; fileRef = E1E1DB07293E7AEE00022571 /* NewsConfigurable.swift */; };
		E1EAB3F92913FDF600AC732E /* AvatarView.swift in Sources */ = {isa = PBXBuildFile; fileRef = E1EAB3F82913FDF600AC732E /* AvatarView.swift */; };
		E1EAB3FC2914378D00AC732E /* LikesControl.swift in Sources */ = {isa = PBXBuildFile; fileRef = E1EAB3FB2914378D00AC732E /* LikesControl.swift */; };
/* End PBXBuildFile section */

/* Begin PBXFileReference section */
		D8999AABB721BC2537746D94 /* Pods-VK.release.xcconfig */ = {isa = PBXFileReference; includeInIndex = 1; lastKnownFileType = text.xcconfig; name = "Pods-VK.release.xcconfig"; path = "Target Support Files/Pods-VK/Pods-VK.release.xcconfig"; sourceTree = "<group>"; };
		DEAC70053DD2E1C38519ABFD /* Pods-VK.debug.xcconfig */ = {isa = PBXFileReference; includeInIndex = 1; lastKnownFileType = text.xcconfig; name = "Pods-VK.debug.xcconfig"; path = "Target Support Files/Pods-VK/Pods-VK.debug.xcconfig"; sourceTree = "<group>"; };
		E10623712911860100779500 /* TextField+Extension.swift */ = {isa = PBXFileReference; lastKnownFileType = sourcecode.swift; path = "TextField+Extension.swift"; sourceTree = "<group>"; };
		E106237F2912E0E100779500 /* UIViewController+Alert.swift */ = {isa = PBXFileReference; lastKnownFileType = sourcecode.swift; path = "UIViewController+Alert.swift"; sourceTree = "<group>"; };
		E10623832912E4F400779500 /* User.swift */ = {isa = PBXFileReference; lastKnownFileType = sourcecode.swift; path = User.swift; sourceTree = "<group>"; };
		E10623852912E4FF00779500 /* Group.swift */ = {isa = PBXFileReference; lastKnownFileType = sourcecode.swift; path = Group.swift; sourceTree = "<group>"; };
		E10623872912E69600779500 /* FriendTableViewCell.swift */ = {isa = PBXFileReference; lastKnownFileType = sourcecode.swift; path = FriendTableViewCell.swift; sourceTree = "<group>"; };
		E10623892912E8C300779500 /* FriendsTableViewController.swift */ = {isa = PBXFileReference; lastKnownFileType = sourcecode.swift; path = FriendsTableViewController.swift; sourceTree = "<group>"; };
		E106238B2912E94600779500 /* FriendPhotoCollectionViewController.swift */ = {isa = PBXFileReference; lastKnownFileType = sourcecode.swift; path = FriendPhotoCollectionViewController.swift; sourceTree = "<group>"; };
		E106238D2912E9A100779500 /* UserGroupsTableViewController.swift */ = {isa = PBXFileReference; lastKnownFileType = sourcecode.swift; path = UserGroupsTableViewController.swift; sourceTree = "<group>"; };
		E106238F2912E9EF00779500 /* OutAllGroupsTableViewController.swift */ = {isa = PBXFileReference; lastKnownFileType = sourcecode.swift; path = OutAllGroupsTableViewController.swift; sourceTree = "<group>"; };
		E10623912912EA2800779500 /* GroupTableViewCell.swift */ = {isa = PBXFileReference; lastKnownFileType = sourcecode.swift; path = GroupTableViewCell.swift; sourceTree = "<group>"; };
		E10623932912EA4000779500 /* PhotoCollectionViewCell.swift */ = {isa = PBXFileReference; lastKnownFileType = sourcecode.swift; path = PhotoCollectionViewCell.swift; sourceTree = "<group>"; };
		E10623952912EA7200779500 /* OutGroupsTableViewCell.swift */ = {isa = PBXFileReference; lastKnownFileType = sourcecode.swift; path = OutGroupsTableViewCell.swift; sourceTree = "<group>"; };
		E10AF80A291012C80077251D /* VK.app */ = {isa = PBXFileReference; explicitFileType = wrapper.application; includeInIndex = 0; path = VK.app; sourceTree = BUILT_PRODUCTS_DIR; };
		E10AF80D291012C80077251D /* AppDelegate.swift */ = {isa = PBXFileReference; lastKnownFileType = sourcecode.swift; path = AppDelegate.swift; sourceTree = "<group>"; };
		E10AF80F291012C80077251D /* SceneDelegate.swift */ = {isa = PBXFileReference; lastKnownFileType = sourcecode.swift; path = SceneDelegate.swift; sourceTree = "<group>"; };
		E10AF811291012C80077251D /* AuthorizationViewController.swift */ = {isa = PBXFileReference; lastKnownFileType = sourcecode.swift; path = AuthorizationViewController.swift; sourceTree = "<group>"; };
		E10AF814291012C80077251D /* Base */ = {isa = PBXFileReference; lastKnownFileType = file.storyboard; name = Base; path = Base.lproj/Main.storyboard; sourceTree = "<group>"; };
		E10AF816291012CC0077251D /* Assets.xcassets */ = {isa = PBXFileReference; lastKnownFileType = folder.assetcatalog; path = Assets.xcassets; sourceTree = "<group>"; };
		E10AF819291012CC0077251D /* Base */ = {isa = PBXFileReference; lastKnownFileType = file.storyboard; name = Base; path = Base.lproj/LaunchScreen.storyboard; sourceTree = "<group>"; };
		E10AF81B291012CC0077251D /* Info.plist */ = {isa = PBXFileReference; lastKnownFileType = text.plist.xml; path = Info.plist; sourceTree = "<group>"; };
		E111E1C1291D10900083597B /* InteractiveTransition.swift */ = {isa = PBXFileReference; lastKnownFileType = sourcecode.swift; path = InteractiveTransition.swift; sourceTree = "<group>"; };
		E111E1C5291D666D0083597B /* CustomNavigationController.swift */ = {isa = PBXFileReference; lastKnownFileType = sourcecode.swift; path = CustomNavigationController.swift; sourceTree = "<group>"; };
		E13C66C329197DF800F67059 /* FriendsSectionTableViewHeader.swift */ = {isa = PBXFileReference; lastKnownFileType = sourcecode.swift; path = FriendsSectionTableViewHeader.swift; sourceTree = "<group>"; };
		E13C66C529197E2C00F67059 /* FriendsSectionTableViewHeader.xib */ = {isa = PBXFileReference; lastKnownFileType = file.xib; path = FriendsSectionTableViewHeader.xib; sourceTree = "<group>"; };
		E1493150292BDCFD0043F052 /* Session.swift */ = {isa = PBXFileReference; lastKnownFileType = sourcecode.swift; path = Session.swift; sourceTree = "<group>"; };
		E17989E22940127000D1E5D2 /* Item.swift */ = {isa = PBXFileReference; lastKnownFileType = sourcecode.swift; path = Item.swift; sourceTree = "<group>"; };
		E17989E42940129800D1E5D2 /* Likes.swift */ = {isa = PBXFileReference; lastKnownFileType = sourcecode.swift; path = Likes.swift; sourceTree = "<group>"; };
		E17989E6294012C200D1E5D2 /* Views.swift */ = {isa = PBXFileReference; lastKnownFileType = sourcecode.swift; path = Views.swift; sourceTree = "<group>"; };
		E17989E82940132000D1E5D2 /* Comments.swift */ = {isa = PBXFileReference; lastKnownFileType = sourcecode.swift; path = Comments.swift; sourceTree = "<group>"; };
		E17989EA2940152800D1E5D2 /* Reposts.swift */ = {isa = PBXFileReference; lastKnownFileType = sourcecode.swift; path = Reposts.swift; sourceTree = "<group>"; };
		E17989EC29401F4C00D1E5D2 /* Attachments.swift */ = {isa = PBXFileReference; lastKnownFileType = sourcecode.swift; path = Attachments.swift; sourceTree = "<group>"; };
		E17B83482919A1C2000918AB /* GradientView.swift */ = {isa = PBXFileReference; lastKnownFileType = sourcecode.swift; path = GradientView.swift; sourceTree = "<group>"; };
		E17B834A2919BD0F000918AB /* NewsViewController.swift */ = {isa = PBXFileReference; lastKnownFileType = sourcecode.swift; path = NewsViewController.swift; sourceTree = "<group>"; };
		E17B834E2919D1B5000918AB /* Photo.swift */ = {isa = PBXFileReference; lastKnownFileType = sourcecode.swift; path = Photo.swift; sourceTree = "<group>"; };
		E17B83502919DAA3000918AB /* PostLikesControl.swift */ = {isa = PBXFileReference; lastKnownFileType = sourcecode.swift; path = PostLikesControl.swift; sourceTree = "<group>"; };
		E17B8352291A39E4000918AB /* ColorAssets.xcassets */ = {isa = PBXFileReference; lastKnownFileType = folder.assetcatalog; path = ColorAssets.xcassets; sourceTree = "<group>"; };
		E1876394291E1E2B00DC171D /* PushAnimator.swift */ = {isa = PBXFileReference; lastKnownFileType = sourcecode.swift; path = PushAnimator.swift; sourceTree = "<group>"; };
		E1876396291E1EAD00DC171D /* PopAnimator.swift */ = {isa = PBXFileReference; lastKnownFileType = sourcecode.swift; path = PopAnimator.swift; sourceTree = "<group>"; };
		E1B436BB2930DB67001A96A6 /* Friend.swift */ = {isa = PBXFileReference; lastKnownFileType = sourcecode.swift; path = Friend.swift; sourceTree = "<group>"; };
		E1B436C02930DC5A001A96A6 /* Photos.swift */ = {isa = PBXFileReference; lastKnownFileType = sourcecode.swift; path = Photos.swift; sourceTree = "<group>"; };
		E1B436C22930DCE9001A96A6 /* FriendPhoto.swift */ = {isa = PBXFileReference; lastKnownFileType = sourcecode.swift; path = FriendPhoto.swift; sourceTree = "<group>"; };
		E1B436C42930DEF5001A96A6 /* GroupDetail.swift */ = {isa = PBXFileReference; lastKnownFileType = sourcecode.swift; path = GroupDetail.swift; sourceTree = "<group>"; };
		E1B436C62930DF33001A96A6 /* FriendDetail.swift */ = {isa = PBXFileReference; lastKnownFileType = sourcecode.swift; path = FriendDetail.swift; sourceTree = "<group>"; };
		E1B436C82930DF70001A96A6 /* GroupInfo.swift */ = {isa = PBXFileReference; lastKnownFileType = sourcecode.swift; path = GroupInfo.swift; sourceTree = "<group>"; };
		E1B436CA2930E138001A96A6 /* FriendInfo.swift */ = {isa = PBXFileReference; lastKnownFileType = sourcecode.swift; path = FriendInfo.swift; sourceTree = "<group>"; };
		E1B447C9292D46BC00310613 /* NetworkService.swift */ = {isa = PBXFileReference; lastKnownFileType = sourcecode.swift; path = NetworkService.swift; sourceTree = "<group>"; };
		E1B447CB292D46CD00310613 /* RequestComponents.swift */ = {isa = PBXFileReference; lastKnownFileType = sourcecode.swift; path = RequestComponents.swift; sourceTree = "<group>"; };
		E1B447D0292F3B6500310613 /* ImageView+Extention.swift */ = {isa = PBXFileReference; lastKnownFileType = sourcecode.swift; path = "ImageView+Extention.swift"; sourceTree = "<group>"; };
		E1B7E0B4291C4B32002BFC1F /* FriendPhotosViewController.swift */ = {isa = PBXFileReference; lastKnownFileType = sourcecode.swift; path = FriendPhotosViewController.swift; sourceTree = "<group>"; };
		E1BFB8C329351CB1002E223B /* RealmService.swift */ = {isa = PBXFileReference; lastKnownFileType = sourcecode.swift; path = RealmService.swift; sourceTree = "<group>"; };
		E1E1DAF9293E405600022571 /* News.swift */ = {isa = PBXFileReference; lastKnownFileType = sourcecode.swift; path = News.swift; sourceTree = "<group>"; };
		E1E1DAFC293E5FBA00022571 /* NewsHeaderViewCell.swift */ = {isa = PBXFileReference; lastKnownFileType = sourcecode.swift; path = NewsHeaderViewCell.swift; sourceTree = "<group>"; };
		E1E1DAFE293E5FD800022571 /* NewsImageViewCell.swift */ = {isa = PBXFileReference; lastKnownFileType = sourcecode.swift; path = NewsImageViewCell.swift; sourceTree = "<group>"; };
		E1E1DB00293E5FF000022571 /* NewsFooterViewCell.swift */ = {isa = PBXFileReference; lastKnownFileType = sourcecode.swift; path = NewsFooterViewCell.swift; sourceTree = "<group>"; };
		E1E1DB02293E68C300022571 /* NewsPostViewCell.swift */ = {isa = PBXFileReference; lastKnownFileType = sourcecode.swift; path = NewsPostViewCell.swift; sourceTree = "<group>"; };
		E1E1DB07293E7AEE00022571 /* NewsConfigurable.swift */ = {isa = PBXFileReference; lastKnownFileType = sourcecode.swift; path = NewsConfigurable.swift; sourceTree = "<group>"; };
		E1EAB3F82913FDF600AC732E /* AvatarView.swift */ = {isa = PBXFileReference; lastKnownFileType = sourcecode.swift; path = AvatarView.swift; sourceTree = "<group>"; };
		E1EAB3FB2914378D00AC732E /* LikesControl.swift */ = {isa = PBXFileReference; lastKnownFileType = sourcecode.swift; path = LikesControl.swift; sourceTree = "<group>"; };
		FFA8EE7D95DF4E12CF857163 /* Pods_VK.framework */ = {isa = PBXFileReference; explicitFileType = wrapper.framework; includeInIndex = 0; path = Pods_VK.framework; sourceTree = BUILT_PRODUCTS_DIR; };
/* End PBXFileReference section */

/* Begin PBXFrameworksBuildPhase section */
		E10AF807291012C80077251D /* Frameworks */ = {
			isa = PBXFrameworksBuildPhase;
			buildActionMask = 2147483647;
			files = (
				E1B447CE292E53F400310613 /* Pods_VK.framework in Frameworks */,
			);
			runOnlyForDeploymentPostprocessing = 0;
		};
/* End PBXFrameworksBuildPhase section */

/* Begin PBXGroup section */
		1C3CF3B8C2BA92A219BE1BCA /* Pods */ = {
			isa = PBXGroup;
			children = (
				DEAC70053DD2E1C38519ABFD /* Pods-VK.debug.xcconfig */,
				D8999AABB721BC2537746D94 /* Pods-VK.release.xcconfig */,
			);
			path = Pods;
			sourceTree = "<group>";
		};
		50B2A5792EF7C64F6B61D3D6 /* Frameworks */ = {
			isa = PBXGroup;
			children = (
				FFA8EE7D95DF4E12CF857163 /* Pods_VK.framework */,
			);
			name = Frameworks;
			sourceTree = "<group>";
		};
		E1062373291246EE00779500 /* Controllers */ = {
			isa = PBXGroup;
			children = (
				E10AF811291012C80077251D /* AuthorizationViewController.swift */,
				E111E1C5291D666D0083597B /* CustomNavigationController.swift */,
				E10623892912E8C300779500 /* FriendsTableViewController.swift */,
				E106238B2912E94600779500 /* FriendPhotoCollectionViewController.swift */,
				E1B7E0B4291C4B32002BFC1F /* FriendPhotosViewController.swift */,
				E106238D2912E9A100779500 /* UserGroupsTableViewController.swift */,
				E106238F2912E9EF00779500 /* OutAllGroupsTableViewController.swift */,
				E17B834A2919BD0F000918AB /* NewsViewController.swift */,
			);
			path = Controllers;
			sourceTree = "<group>";
		};
		E1062374291246FD00779500 /* Extensions */ = {
			isa = PBXGroup;
			children = (
				E10623712911860100779500 /* TextField+Extension.swift */,
				E106237F2912E0E100779500 /* UIViewController+Alert.swift */,
				E1B447D0292F3B6500310613 /* ImageView+Extention.swift */,
			);
			path = Extensions;
			sourceTree = "<group>";
		};
		E10623812912E4AC00779500 /* Model */ = {
			isa = PBXGroup;
			children = (
				E1B436CC2930E189001A96A6 /* User */,
				E1B436CD2930E1B2001A96A6 /* Photo */,
				E1B436CE2930E1CD001A96A6 /* Group */,
				E1E1DAF8293E404800022571 /* News */,
			);
			path = Model;
			sourceTree = "<group>";
		};
		E10623822912E4B600779500 /* Cells */ = {
			isa = PBXGroup;
			children = (
				E10623872912E69600779500 /* FriendTableViewCell.swift */,
				E10623912912EA2800779500 /* GroupTableViewCell.swift */,
				E10623932912EA4000779500 /* PhotoCollectionViewCell.swift */,
				E10623952912EA7200779500 /* OutGroupsTableViewCell.swift */,
				E1E1DAFB293E5F5500022571 /* NewsCells */,
			);
			path = Cells;
			sourceTree = "<group>";
		};
		E10AF801291012C80077251D = {
			isa = PBXGroup;
			children = (
				E10AF80C291012C80077251D /* VK */,
				E10AF80B291012C80077251D /* Products */,
				1C3CF3B8C2BA92A219BE1BCA /* Pods */,
				50B2A5792EF7C64F6B61D3D6 /* Frameworks */,
			);
			sourceTree = "<group>";
		};
		E10AF80B291012C80077251D /* Products */ = {
			isa = PBXGroup;
			children = (
				E10AF80A291012C80077251D /* VK.app */,
			);
			name = Products;
			sourceTree = "<group>";
		};
		E10AF80C291012C80077251D /* VK */ = {
			isa = PBXGroup;
			children = (
				E10AF80D291012C80077251D /* AppDelegate.swift */,
				E10AF80F291012C80077251D /* SceneDelegate.swift */,
				E1BFB8C229351C6A002E223B /* Realm */,
				E1B447C8292D3F8D00310613 /* Network */,
				E1876398291E1F1E00DC171D /* Transitions */,
				E1876393291E1E1100DC171D /* Animators */,
				E13C66C229197DAE00F67059 /* Headers */,
				E1EAB3FA2914373000AC732E /* Controls */,
				E1062373291246EE00779500 /* Controllers */,
				E1EAB3F72913FDB700AC732E /* View */,
				E10623822912E4B600779500 /* Cells */,
				E10623812912E4AC00779500 /* Model */,
				E1E1DB06293E7AA100022571 /* Protocols */,
				E1062374291246FD00779500 /* Extensions */,
				E10AF813291012C80077251D /* Main.storyboard */,
				E10AF816291012CC0077251D /* Assets.xcassets */,
				E17B8352291A39E4000918AB /* ColorAssets.xcassets */,
				E10AF818291012CC0077251D /* LaunchScreen.storyboard */,
				E10AF81B291012CC0077251D /* Info.plist */,
			);
			path = VK;
			sourceTree = "<group>";
		};
		E13C66C229197DAE00F67059 /* Headers */ = {
			isa = PBXGroup;
			children = (
				E13C66C729198E0A00F67059 /* FriendsSectionHeader */,
			);
			path = Headers;
			sourceTree = "<group>";
		};
		E13C66C729198E0A00F67059 /* FriendsSectionHeader */ = {
			isa = PBXGroup;
			children = (
				E13C66C329197DF800F67059 /* FriendsSectionTableViewHeader.swift */,
				E13C66C529197E2C00F67059 /* FriendsSectionTableViewHeader.xib */,
			);
			path = FriendsSectionHeader;
			sourceTree = "<group>";
		};
		E1876393291E1E1100DC171D /* Animators */ = {
			isa = PBXGroup;
			children = (
				E1876394291E1E2B00DC171D /* PushAnimator.swift */,
				E1876396291E1EAD00DC171D /* PopAnimator.swift */,
			);
			path = Animators;
			sourceTree = "<group>";
		};
		E1876398291E1F1E00DC171D /* Transitions */ = {
			isa = PBXGroup;
			children = (
				E111E1C1291D10900083597B /* InteractiveTransition.swift */,
			);
			path = Transitions;
			sourceTree = "<group>";
		};
		E1B436CC2930E189001A96A6 /* User */ = {
			isa = PBXGroup;
			children = (
				E10623832912E4F400779500 /* User.swift */,
				E1B436CA2930E138001A96A6 /* FriendInfo.swift */,
				E1B436BB2930DB67001A96A6 /* Friend.swift */,
			);
			path = User;
			sourceTree = "<group>";
		};
		E1B436CD2930E1B2001A96A6 /* Photo */ = {
			isa = PBXGroup;
			children = (
				E17B834E2919D1B5000918AB /* Photo.swift */,
				E1B436C62930DF33001A96A6 /* FriendDetail.swift */,
				E1B436C22930DCE9001A96A6 /* FriendPhoto.swift */,
				E1B436C02930DC5A001A96A6 /* Photos.swift */,
			);
			path = Photo;
			sourceTree = "<group>";
		};
		E1B436CE2930E1CD001A96A6 /* Group */ = {
			isa = PBXGroup;
			children = (
				E10623852912E4FF00779500 /* Group.swift */,
				E1B436C82930DF70001A96A6 /* GroupInfo.swift */,
				E1B436C42930DEF5001A96A6 /* GroupDetail.swift */,
			);
			path = Group;
			sourceTree = "<group>";
		};
		E1B447C8292D3F8D00310613 /* Network */ = {
			isa = PBXGroup;
			children = (
				E1493150292BDCFD0043F052 /* Session.swift */,
				E1B447C9292D46BC00310613 /* NetworkService.swift */,
				E1B447CB292D46CD00310613 /* RequestComponents.swift */,
			);
			path = Network;
			sourceTree = "<group>";
		};
		E1BFB8C229351C6A002E223B /* Realm */ = {
			isa = PBXGroup;
			children = (
				E1BFB8C329351CB1002E223B /* RealmService.swift */,
			);
			path = Realm;
			sourceTree = "<group>";
		};
		E1E1DAF8293E404800022571 /* News */ = {
			isa = PBXGroup;
			children = (
				E1E1DAF9293E405600022571 /* News.swift */,
				E17989E22940127000D1E5D2 /* Item.swift */,
				E17989E42940129800D1E5D2 /* Likes.swift */,
				E17989E6294012C200D1E5D2 /* Views.swift */,
				E17989E82940132000D1E5D2 /* Comments.swift */,
				E17989EA2940152800D1E5D2 /* Reposts.swift */,
				E17989EC29401F4C00D1E5D2 /* Attachments.swift */,
			);
			path = News;
			sourceTree = "<group>";
		};
		E1E1DAFB293E5F5500022571 /* NewsCells */ = {
			isa = PBXGroup;
			children = (
				E1E1DAFC293E5FBA00022571 /* NewsHeaderViewCell.swift */,
				E1E1DB02293E68C300022571 /* NewsPostViewCell.swift */,
				E1E1DAFE293E5FD800022571 /* NewsImageViewCell.swift */,
				E1E1DB00293E5FF000022571 /* NewsFooterViewCell.swift */,
			);
			path = NewsCells;
			sourceTree = "<group>";
		};
		E1E1DB06293E7AA100022571 /* Protocols */ = {
			isa = PBXGroup;
			children = (
				E1E1DB07293E7AEE00022571 /* NewsConfigurable.swift */,
			);
			path = Protocols;
			sourceTree = "<group>";
		};
		E1EAB3F72913FDB700AC732E /* View */ = {
			isa = PBXGroup;
			children = (
				E17B83482919A1C2000918AB /* GradientView.swift */,
				E1EAB3F82913FDF600AC732E /* AvatarView.swift */,
			);
			path = View;
			sourceTree = "<group>";
		};
		E1EAB3FA2914373000AC732E /* Controls */ = {
			isa = PBXGroup;
			children = (
				E1EAB3FB2914378D00AC732E /* LikesControl.swift */,
				E17B83502919DAA3000918AB /* PostLikesControl.swift */,
			);
			path = Controls;
			sourceTree = "<group>";
		};
/* End PBXGroup section */

/* Begin PBXNativeTarget section */
		E10AF809291012C80077251D /* VK */ = {
			isa = PBXNativeTarget;
			buildConfigurationList = E10AF81E291012CC0077251D /* Build configuration list for PBXNativeTarget "VK" */;
			buildPhases = (
				6BB30C88EF01DDCFAEB1393E /* [CP] Check Pods Manifest.lock */,
				E10AF806291012C80077251D /* Sources */,
				E10AF807291012C80077251D /* Frameworks */,
				E10AF808291012C80077251D /* Resources */,
				996E139DAF4AB3646C5A1E74 /* [CP] Embed Pods Frameworks */,
				E10AF821291013E70077251D /* Run SwiftFormat */,
				E10AF822291014020077251D /* Run SwiftLint */,
			);
			buildRules = (
			);
			dependencies = (
			);
			name = VK;
			productName = VK;
			productReference = E10AF80A291012C80077251D /* VK.app */;
			productType = "com.apple.product-type.application";
		};
/* End PBXNativeTarget section */

/* Begin PBXProject section */
		E10AF802291012C80077251D /* Project object */ = {
			isa = PBXProject;
			attributes = {
				BuildIndependentTargetsInParallel = 1;
				LastSwiftUpdateCheck = 1400;
				LastUpgradeCheck = 1400;
				TargetAttributes = {
					E10AF809291012C80077251D = {
						CreatedOnToolsVersion = 14.0;
					};
				};
			};
			buildConfigurationList = E10AF805291012C80077251D /* Build configuration list for PBXProject "VK" */;
			compatibilityVersion = "Xcode 14.0";
			developmentRegion = en;
			hasScannedForEncodings = 0;
			knownRegions = (
				en,
				Base,
			);
			mainGroup = E10AF801291012C80077251D;
			productRefGroup = E10AF80B291012C80077251D /* Products */;
			projectDirPath = "";
			projectRoot = "";
			targets = (
				E10AF809291012C80077251D /* VK */,
			);
		};
/* End PBXProject section */

/* Begin PBXResourcesBuildPhase section */
		E10AF808291012C80077251D /* Resources */ = {
			isa = PBXResourcesBuildPhase;
			buildActionMask = 2147483647;
			files = (
				E17B8353291A39E4000918AB /* ColorAssets.xcassets in Resources */,
				E10AF81A291012CC0077251D /* LaunchScreen.storyboard in Resources */,
				E10AF817291012CC0077251D /* Assets.xcassets in Resources */,
				E13C66C629197E2C00F67059 /* FriendsSectionTableViewHeader.xib in Resources */,
				E10AF815291012C80077251D /* Main.storyboard in Resources */,
			);
			runOnlyForDeploymentPostprocessing = 0;
		};
/* End PBXResourcesBuildPhase section */

/* Begin PBXShellScriptBuildPhase section */
		6BB30C88EF01DDCFAEB1393E /* [CP] Check Pods Manifest.lock */ = {
			isa = PBXShellScriptBuildPhase;
			buildActionMask = 2147483647;
			files = (
			);
			inputFileListPaths = (
			);
			inputPaths = (
				"${PODS_PODFILE_DIR_PATH}/Podfile.lock",
				"${PODS_ROOT}/Manifest.lock",
			);
			name = "[CP] Check Pods Manifest.lock";
			outputFileListPaths = (
			);
			outputPaths = (
				"$(DERIVED_FILE_DIR)/Pods-VK-checkManifestLockResult.txt",
			);
			runOnlyForDeploymentPostprocessing = 0;
			shellPath = /bin/sh;
			shellScript = "diff \"${PODS_PODFILE_DIR_PATH}/Podfile.lock\" \"${PODS_ROOT}/Manifest.lock\" > /dev/null\nif [ $? != 0 ] ; then\n    # print error to STDERR\n    echo \"error: The sandbox is not in sync with the Podfile.lock. Run 'pod install' or update your CocoaPods installation.\" >&2\n    exit 1\nfi\n# This output is used by Xcode 'outputs' to avoid re-running this script phase.\necho \"SUCCESS\" > \"${SCRIPT_OUTPUT_FILE_0}\"\n";
			showEnvVarsInLog = 0;
		};
		996E139DAF4AB3646C5A1E74 /* [CP] Embed Pods Frameworks */ = {
			isa = PBXShellScriptBuildPhase;
			buildActionMask = 2147483647;
			files = (
			);
			inputFileListPaths = (
				"${PODS_ROOT}/Target Support Files/Pods-VK/Pods-VK-frameworks-${CONFIGURATION}-input-files.xcfilelist",
			);
			name = "[CP] Embed Pods Frameworks";
			outputFileListPaths = (
				"${PODS_ROOT}/Target Support Files/Pods-VK/Pods-VK-frameworks-${CONFIGURATION}-output-files.xcfilelist",
			);
			runOnlyForDeploymentPostprocessing = 0;
			shellPath = /bin/sh;
			shellScript = "\"${PODS_ROOT}/Target Support Files/Pods-VK/Pods-VK-frameworks.sh\"\n";
			showEnvVarsInLog = 0;
		};
		E10AF821291013E70077251D /* Run SwiftFormat */ = {
			isa = PBXShellScriptBuildPhase;
			alwaysOutOfDate = 1;
			buildActionMask = 2147483647;
			files = (
			);
			inputFileListPaths = (
			);
			inputPaths = (
			);
			name = "Run SwiftFormat";
			outputFileListPaths = (
			);
			outputPaths = (
			);
			runOnlyForDeploymentPostprocessing = 0;
			shellPath = /bin/sh;
			shellScript = "if which swiftformat >/dev/null; then\n  swiftformat .\nelse\n  echo \"warning: SwiftFormat not installed, download from https://github.com/nicklockwood/SwiftFormat\"\nfi\n";
		};
		E10AF822291014020077251D /* Run SwiftLint */ = {
			isa = PBXShellScriptBuildPhase;
			alwaysOutOfDate = 1;
			buildActionMask = 2147483647;
			files = (
			);
			inputFileListPaths = (
			);
			inputPaths = (
			);
			name = "Run SwiftLint";
			outputFileListPaths = (
			);
			outputPaths = (
			);
			runOnlyForDeploymentPostprocessing = 0;
			shellPath = /bin/sh;
			shellScript = "if which swiftlint >/dev/null; then\n  swiftlint\nelse\n  echo \"error: SwiftLint does not exist, download it from https://github.com/realm/SwiftLint\"\n  exit 1\nfi\n";
		};
/* End PBXShellScriptBuildPhase section */

/* Begin PBXSourcesBuildPhase section */
		E10AF806291012C80077251D /* Sources */ = {
			isa = PBXSourcesBuildPhase;
			buildActionMask = 2147483647;
			files = (
				E17B83512919DAA3000918AB /* PostLikesControl.swift in Sources */,
				E1E1DAFA293E405600022571 /* News.swift in Sources */,
				E1E1DB01293E5FF000022571 /* NewsFooterViewCell.swift in Sources */,
				E1EAB3FC2914378D00AC732E /* LikesControl.swift in Sources */,
				E17989E52940129800D1E5D2 /* Likes.swift in Sources */,
				E1B436C52930DEF5001A96A6 /* GroupDetail.swift in Sources */,
				E10623862912E4FF00779500 /* Group.swift in Sources */,
				E17989E32940127000D1E5D2 /* Item.swift in Sources */,
				E17B83492919A1C2000918AB /* GradientView.swift in Sources */,
				E1B436C92930DF70001A96A6 /* GroupInfo.swift in Sources */,
				E106238C2912E94600779500 /* FriendPhotoCollectionViewController.swift in Sources */,
				E10AF812291012C80077251D /* AuthorizationViewController.swift in Sources */,
				E1B436C32930DCE9001A96A6 /* FriendPhoto.swift in Sources */,
				E1E1DAFF293E5FD800022571 /* NewsImageViewCell.swift in Sources */,
				E1E1DAFD293E5FBA00022571 /* NewsHeaderViewCell.swift in Sources */,
				E1E1DB03293E68C300022571 /* NewsPostViewCell.swift in Sources */,
				E106238A2912E8C300779500 /* FriendsTableViewController.swift in Sources */,
				E1876397291E1EAD00DC171D /* PopAnimator.swift in Sources */,
				E10623902912E9EF00779500 /* OutAllGroupsTableViewController.swift in Sources */,
				E10623802912E0E100779500 /* UIViewController+Alert.swift in Sources */,
				E17989E7294012C200D1E5D2 /* Views.swift in Sources */,
				E10623842912E4F400779500 /* User.swift in Sources */,
				E10AF80E291012C80077251D /* AppDelegate.swift in Sources */,
				E10623722911860100779500 /* TextField+Extension.swift in Sources */,
				E1B436C12930DC5A001A96A6 /* Photos.swift in Sources */,
				E111E1C6291D666D0083597B /* CustomNavigationController.swift in Sources */,
				E17B834F2919D1B5000918AB /* Photo.swift in Sources */,
				E13C66C429197DF800F67059 /* FriendsSectionTableViewHeader.swift in Sources */,
				E1B436C72930DF33001A96A6 /* FriendDetail.swift in Sources */,
				E1B447CC292D46CD00310613 /* RequestComponents.swift in Sources */,
				E10623962912EA7200779500 /* OutGroupsTableViewCell.swift in Sources */,
				E1B447CA292D46BC00310613 /* NetworkService.swift in Sources */,
				E10AF810291012C80077251D /* SceneDelegate.swift in Sources */,
				E1E1DB08293E7AEE00022571 /* NewsConfigurable.swift in Sources */,
				E1B436BC2930DB67001A96A6 /* Friend.swift in Sources */,
				E1BFB8C429351CB1002E223B /* RealmService.swift in Sources */,
				E1493151292BDCFD0043F052 /* Session.swift in Sources */,
				E1B7E0B5291C4B32002BFC1F /* FriendPhotosViewController.swift in Sources */,
				E17989E92940132000D1E5D2 /* Comments.swift in Sources */,
				E10623882912E69600779500 /* FriendTableViewCell.swift in Sources */,
				E111E1C2291D10900083597B /* InteractiveTransition.swift in Sources */,
				E10623942912EA4000779500 /* PhotoCollectionViewCell.swift in Sources */,
				E17989EB2940152800D1E5D2 /* Reposts.swift in Sources */,
				E10623922912EA2800779500 /* GroupTableViewCell.swift in Sources */,
				E1876395291E1E2B00DC171D /* PushAnimator.swift in Sources */,
				E17B834B2919BD0F000918AB /* NewsViewController.swift in Sources */,
				E17989ED29401F4C00D1E5D2 /* Attachments.swift in Sources */,
				E1EAB3F92913FDF600AC732E /* AvatarView.swift in Sources */,
				E1B447D1292F3B6500310613 /* ImageView+Extention.swift in Sources */,
				E106238E2912E9A100779500 /* UserGroupsTableViewController.swift in Sources */,
				E1B436CB2930E138001A96A6 /* FriendInfo.swift in Sources */,
			);
			runOnlyForDeploymentPostprocessing = 0;
		};
/* End PBXSourcesBuildPhase section */

/* Begin PBXVariantGroup section */
		E10AF813291012C80077251D /* Main.storyboard */ = {
			isa = PBXVariantGroup;
			children = (
				E10AF814291012C80077251D /* Base */,
			);
			name = Main.storyboard;
			sourceTree = "<group>";
		};
		E10AF818291012CC0077251D /* LaunchScreen.storyboard */ = {
			isa = PBXVariantGroup;
			children = (
				E10AF819291012CC0077251D /* Base */,
			);
			name = LaunchScreen.storyboard;
			sourceTree = "<group>";
		};
/* End PBXVariantGroup section */

/* Begin XCBuildConfiguration section */
		E10AF81C291012CC0077251D /* Debug */ = {
			isa = XCBuildConfiguration;
			buildSettings = {
				ALWAYS_SEARCH_USER_PATHS = NO;
				CLANG_ANALYZER_NONNULL = YES;
				CLANG_ANALYZER_NUMBER_OBJECT_CONVERSION = YES_AGGRESSIVE;
				CLANG_CXX_LANGUAGE_STANDARD = "gnu++20";
				CLANG_ENABLE_MODULES = YES;
				CLANG_ENABLE_OBJC_ARC = YES;
				CLANG_ENABLE_OBJC_WEAK = YES;
				CLANG_WARN_BLOCK_CAPTURE_AUTORELEASING = YES;
				CLANG_WARN_BOOL_CONVERSION = YES;
				CLANG_WARN_COMMA = YES;
				CLANG_WARN_CONSTANT_CONVERSION = YES;
				CLANG_WARN_DEPRECATED_OBJC_IMPLEMENTATIONS = YES;
				CLANG_WARN_DIRECT_OBJC_ISA_USAGE = YES_ERROR;
				CLANG_WARN_DOCUMENTATION_COMMENTS = YES;
				CLANG_WARN_EMPTY_BODY = YES;
				CLANG_WARN_ENUM_CONVERSION = YES;
				CLANG_WARN_INFINITE_RECURSION = YES;
				CLANG_WARN_INT_CONVERSION = YES;
				CLANG_WARN_NON_LITERAL_NULL_CONVERSION = YES;
				CLANG_WARN_OBJC_IMPLICIT_RETAIN_SELF = YES;
				CLANG_WARN_OBJC_LITERAL_CONVERSION = YES;
				CLANG_WARN_OBJC_ROOT_CLASS = YES_ERROR;
				CLANG_WARN_QUOTED_INCLUDE_IN_FRAMEWORK_HEADER = YES;
				CLANG_WARN_RANGE_LOOP_ANALYSIS = YES;
				CLANG_WARN_STRICT_PROTOTYPES = YES;
				CLANG_WARN_SUSPICIOUS_MOVE = YES;
				CLANG_WARN_UNGUARDED_AVAILABILITY = YES_AGGRESSIVE;
				CLANG_WARN_UNREACHABLE_CODE = YES;
				CLANG_WARN__DUPLICATE_METHOD_MATCH = YES;
				COPY_PHASE_STRIP = NO;
				DEBUG_INFORMATION_FORMAT = dwarf;
				ENABLE_STRICT_OBJC_MSGSEND = YES;
				ENABLE_TESTABILITY = YES;
				GCC_C_LANGUAGE_STANDARD = gnu11;
				GCC_DYNAMIC_NO_PIC = NO;
				GCC_NO_COMMON_BLOCKS = YES;
				GCC_OPTIMIZATION_LEVEL = 0;
				GCC_PREPROCESSOR_DEFINITIONS = (
					"DEBUG=1",
					"$(inherited)",
				);
				GCC_WARN_64_TO_32_BIT_CONVERSION = YES;
				GCC_WARN_ABOUT_RETURN_TYPE = YES_ERROR;
				GCC_WARN_UNDECLARED_SELECTOR = YES;
				GCC_WARN_UNINITIALIZED_AUTOS = YES_AGGRESSIVE;
				GCC_WARN_UNUSED_FUNCTION = YES;
				GCC_WARN_UNUSED_VARIABLE = YES;
				IPHONEOS_DEPLOYMENT_TARGET = 16.0;
				MTL_ENABLE_DEBUG_INFO = INCLUDE_SOURCE;
				MTL_FAST_MATH = YES;
				ONLY_ACTIVE_ARCH = YES;
				SDKROOT = iphoneos;
				SWIFT_ACTIVE_COMPILATION_CONDITIONS = DEBUG;
				SWIFT_OPTIMIZATION_LEVEL = "-Onone";
			};
			name = Debug;
		};
		E10AF81D291012CC0077251D /* Release */ = {
			isa = XCBuildConfiguration;
			buildSettings = {
				ALWAYS_SEARCH_USER_PATHS = NO;
				CLANG_ANALYZER_NONNULL = YES;
				CLANG_ANALYZER_NUMBER_OBJECT_CONVERSION = YES_AGGRESSIVE;
				CLANG_CXX_LANGUAGE_STANDARD = "gnu++20";
				CLANG_ENABLE_MODULES = YES;
				CLANG_ENABLE_OBJC_ARC = YES;
				CLANG_ENABLE_OBJC_WEAK = YES;
				CLANG_WARN_BLOCK_CAPTURE_AUTORELEASING = YES;
				CLANG_WARN_BOOL_CONVERSION = YES;
				CLANG_WARN_COMMA = YES;
				CLANG_WARN_CONSTANT_CONVERSION = YES;
				CLANG_WARN_DEPRECATED_OBJC_IMPLEMENTATIONS = YES;
				CLANG_WARN_DIRECT_OBJC_ISA_USAGE = YES_ERROR;
				CLANG_WARN_DOCUMENTATION_COMMENTS = YES;
				CLANG_WARN_EMPTY_BODY = YES;
				CLANG_WARN_ENUM_CONVERSION = YES;
				CLANG_WARN_INFINITE_RECURSION = YES;
				CLANG_WARN_INT_CONVERSION = YES;
				CLANG_WARN_NON_LITERAL_NULL_CONVERSION = YES;
				CLANG_WARN_OBJC_IMPLICIT_RETAIN_SELF = YES;
				CLANG_WARN_OBJC_LITERAL_CONVERSION = YES;
				CLANG_WARN_OBJC_ROOT_CLASS = YES_ERROR;
				CLANG_WARN_QUOTED_INCLUDE_IN_FRAMEWORK_HEADER = YES;
				CLANG_WARN_RANGE_LOOP_ANALYSIS = YES;
				CLANG_WARN_STRICT_PROTOTYPES = YES;
				CLANG_WARN_SUSPICIOUS_MOVE = YES;
				CLANG_WARN_UNGUARDED_AVAILABILITY = YES_AGGRESSIVE;
				CLANG_WARN_UNREACHABLE_CODE = YES;
				CLANG_WARN__DUPLICATE_METHOD_MATCH = YES;
				COPY_PHASE_STRIP = NO;
				DEBUG_INFORMATION_FORMAT = "dwarf-with-dsym";
				ENABLE_NS_ASSERTIONS = NO;
				ENABLE_STRICT_OBJC_MSGSEND = YES;
				GCC_C_LANGUAGE_STANDARD = gnu11;
				GCC_NO_COMMON_BLOCKS = YES;
				GCC_WARN_64_TO_32_BIT_CONVERSION = YES;
				GCC_WARN_ABOUT_RETURN_TYPE = YES_ERROR;
				GCC_WARN_UNDECLARED_SELECTOR = YES;
				GCC_WARN_UNINITIALIZED_AUTOS = YES_AGGRESSIVE;
				GCC_WARN_UNUSED_FUNCTION = YES;
				GCC_WARN_UNUSED_VARIABLE = YES;
				IPHONEOS_DEPLOYMENT_TARGET = 16.0;
				MTL_ENABLE_DEBUG_INFO = NO;
				MTL_FAST_MATH = YES;
				SDKROOT = iphoneos;
				SWIFT_COMPILATION_MODE = wholemodule;
				SWIFT_OPTIMIZATION_LEVEL = "-O";
				VALIDATE_PRODUCT = YES;
			};
			name = Release;
		};
		E10AF81F291012CC0077251D /* Debug */ = {
			isa = XCBuildConfiguration;
			baseConfigurationReference = DEAC70053DD2E1C38519ABFD /* Pods-VK.debug.xcconfig */;
			buildSettings = {
				ASSETCATALOG_COMPILER_APPICON_NAME = AppIcon;
				ASSETCATALOG_COMPILER_GLOBAL_ACCENT_COLOR_NAME = AccentColor;
				CODE_SIGN_STYLE = Automatic;
				CURRENT_PROJECT_VERSION = 1;
				DEVELOPMENT_TEAM = 736JXSM7UW;
				GENERATE_INFOPLIST_FILE = YES;
				INFOPLIST_FILE = VK/Info.plist;
				INFOPLIST_KEY_UIApplicationSupportsIndirectInputEvents = YES;
				INFOPLIST_KEY_UILaunchStoryboardName = LaunchScreen;
				INFOPLIST_KEY_UIMainStoryboardFile = Main;
				INFOPLIST_KEY_UISupportedInterfaceOrientations_iPad = "UIInterfaceOrientationPortrait UIInterfaceOrientationPortraitUpsideDown UIInterfaceOrientationLandscapeLeft UIInterfaceOrientationLandscapeRight";
				INFOPLIST_KEY_UISupportedInterfaceOrientations_iPhone = "UIInterfaceOrientationPortrait UIInterfaceOrientationLandscapeLeft UIInterfaceOrientationLandscapeRight";
				LD_RUNPATH_SEARCH_PATHS = (
					"$(inherited)",
					"@executable_path/Frameworks",
				);
				MARKETING_VERSION = 1.0;
				PRODUCT_BUNDLE_IDENTIFIER = com.myCompany.VK;
				PRODUCT_NAME = "$(TARGET_NAME)";
				SWIFT_EMIT_LOC_STRINGS = YES;
				SWIFT_VERSION = 5.0;
				TARGETED_DEVICE_FAMILY = "1,2";
			};
			name = Debug;
		};
		E10AF820291012CC0077251D /* Release */ = {
			isa = XCBuildConfiguration;
			baseConfigurationReference = D8999AABB721BC2537746D94 /* Pods-VK.release.xcconfig */;
			buildSettings = {
				ASSETCATALOG_COMPILER_APPICON_NAME = AppIcon;
				ASSETCATALOG_COMPILER_GLOBAL_ACCENT_COLOR_NAME = AccentColor;
				CODE_SIGN_STYLE = Automatic;
				CURRENT_PROJECT_VERSION = 1;
				DEVELOPMENT_TEAM = 736JXSM7UW;
				GENERATE_INFOPLIST_FILE = YES;
				INFOPLIST_FILE = VK/Info.plist;
				INFOPLIST_KEY_UIApplicationSupportsIndirectInputEvents = YES;
				INFOPLIST_KEY_UILaunchStoryboardName = LaunchScreen;
				INFOPLIST_KEY_UIMainStoryboardFile = Main;
				INFOPLIST_KEY_UISupportedInterfaceOrientations_iPad = "UIInterfaceOrientationPortrait UIInterfaceOrientationPortraitUpsideDown UIInterfaceOrientationLandscapeLeft UIInterfaceOrientationLandscapeRight";
				INFOPLIST_KEY_UISupportedInterfaceOrientations_iPhone = "UIInterfaceOrientationPortrait UIInterfaceOrientationLandscapeLeft UIInterfaceOrientationLandscapeRight";
				LD_RUNPATH_SEARCH_PATHS = (
					"$(inherited)",
					"@executable_path/Frameworks",
				);
				MARKETING_VERSION = 1.0;
				PRODUCT_BUNDLE_IDENTIFIER = com.myCompany.VK;
				PRODUCT_NAME = "$(TARGET_NAME)";
				SWIFT_EMIT_LOC_STRINGS = YES;
				SWIFT_VERSION = 5.0;
				TARGETED_DEVICE_FAMILY = "1,2";
			};
			name = Release;
		};
/* End XCBuildConfiguration section */

/* Begin XCConfigurationList section */
		E10AF805291012C80077251D /* Build configuration list for PBXProject "VK" */ = {
			isa = XCConfigurationList;
			buildConfigurations = (
				E10AF81C291012CC0077251D /* Debug */,
				E10AF81D291012CC0077251D /* Release */,
			);
			defaultConfigurationIsVisible = 0;
			defaultConfigurationName = Release;
		};
		E10AF81E291012CC0077251D /* Build configuration list for PBXNativeTarget "VK" */ = {
			isa = XCConfigurationList;
			buildConfigurations = (
				E10AF81F291012CC0077251D /* Debug */,
				E10AF820291012CC0077251D /* Release */,
			);
			defaultConfigurationIsVisible = 0;
			defaultConfigurationName = Release;
		};
/* End XCConfigurationList section */
	};
	rootObject = E10AF802291012C80077251D /* Project object */;
}
